{
  "name": "miniprogram-ts-less-quickstart",
  "version": "1.0.0",
  "lockfileVersion": 3,
  "requires": true,
  "packages": {
    "": {
      "name": "miniprogram-ts-less-quickstart",
      "version": "1.0.0",
      "dependencies": {
        "tim-wx-sdk": "latest"
      },
      "devDependencies": {
        "miniprogram-api-typings": "^2.8.3-1"
      }
    },
    "node_modules/miniprogram-api-typings": {
      "version": "2.12.0",
      "resolved": "https://registry.npmmirror.com/miniprogram-api-typings/-/miniprogram-api-typings-2.12.0.tgz",
      "integrity": "sha512-ibvbqeslVFur0IAvTxLMvsbtvVcMo6gwvOnj0YZHV7aeDLu091VQRrETT2QuiG9P6aZWRcxeNGJChRKVPCp9VQ==",
      "dev": true,
      "license": "MIT"
    },
    "node_modules/tim-wx-sdk": {
      "version": "2.27.6",
      "resolved": "https://registry.npmmirror.com/tim-wx-sdk/-/tim-wx-sdk-2.27.6.tgz",
      "integrity": "sha512-zB+eRdmigdhEDeqrXC0bLJonUQZzS5uKNPLFtrje503WAnmuxVQjq/n4Zle4FYHG4FiKHKhsrVd0aCYXABlFEg==",
      "license": "ISC"
    }
  }
}
